
Microsoft Visual Studio Solution File, Format Version 12.00
# Visual Studio Version 16
VisualStudioVersion = 16.0.30611.23
MinimumVisualStudioVersion = 10.0.40219.1
Project("{9A19103F-16F7-4668-BE54-9A1E7A4F7556}") = "01_1", "01_1\01_1.csproj", "{126BCB39-79FF-4BDC-8508-8A54D3C2B55D}"
EndProject
Project("{9A19103F-16F7-4668-BE54-9A1E7A4F7556}") = "01_2", "01_2\01_2.csproj", "{3727FD8C-C03B-423E-ACE8-2F266BCAD5F0}"
EndProject
Project("{9A19103F-16F7-4668-BE54-9A1E7A4F7556}") = "02_1", "02_1\02_1.csproj", "{27EDD5FD-CF83-4BF0-8624-7408D0EA89F4}"
EndProject
Project("{9A19103F-16F7-4668-BE54-9A1E7A4F7556}") = "02_2", "02_2\02_2.csproj", "{0C07A0E6-9F3E-44B2-A862-74815D579FB2}"
EndProject
Project("{9A19103F-16F7-4668-BE54-9A1E7A4F7556}") = "03_1", "03_1\03_1.csproj", "{7691ED57-C2E0-4A4C-8154-951BEDA7A8C4}"
EndProject
Project("{9A19103F-16F7-4668-BE54-9A1E7A4F7556}") = "03_2", "03_2\03_2.csproj", "{D3E5AA91-A92D-4519-A2A3-46DFEC3747C2}"
EndProject
Project("{9A19103F-16F7-4668-BE54-9A1E7A4F7556}") = "04_1", "04_1\04_1.csproj", "{659C5F8E-8CA3-46F7-948C-11ED3189E40E}"
EndProject
Project("{9A19103F-16F7-4668-BE54-9A1E7A4F7556}") = "04_2", "04_2\04_2.csproj", "{2F9A6886-8867-490C-B618-E99AEE0B54AA}"
EndProject
Project("{9A19103F-16F7-4668-BE54-9A1E7A4F7556}") = "05_1", "05_1\05_1.csproj", "{01A9CA17-A541-4373-9F6A-471C9919A0E0}"
EndProject
Project("{9A19103F-16F7-4668-BE54-9A1E7A4F7556}") = "05_2", "05_2\05_2.csproj", "{DFFC3730-321C-4473-984C-9C5E3881A2E1}"
EndProject
Project("{9A19103F-16F7-4668-BE54-9A1E7A4F7556}") = "06_1", "06_1\06_1.csproj", "{37A66285-D122-44C4-9BC6-9565CD909A1D}"
EndProject
Project("{FAE04EC0-301F-11D3-BF4B-00C04F79EFBC}") = "06_2", "06_2\06_2.csproj", "{BA9CA214-CB15-48DE-A52C-F66C1A5B0974}"
EndProject
Project("{FAE04EC0-301F-11D3-BF4B-00C04F79EFBC}") = "07_1", "07_1\07_1.csproj", "{2BA5114E-26E3-4FEF-94F3-4E78E13C9202}"
EndProject
Project("{FAE04EC0-301F-11D3-BF4B-00C04F79EFBC}") = "07_2", "07_2\07_2.csproj", "{A4C57224-6F86-4932-9441-DE410A1D465C}"
EndProject
Global
	GlobalSection(SolutionConfigurationPlatforms) = preSolution
		Debug|Any CPU = Debug|Any CPU
		Release|Any CPU = Release|Any CPU
	EndGlobalSection
	GlobalSection(ProjectConfigurationPlatforms) = postSolution
		{126BCB39-79FF-4BDC-8508-8A54D3C2B55D}.Debug|Any CPU.ActiveCfg = Debug|Any CPU
		{126BCB39-79FF-4BDC-8508-8A54D3C2B55D}.Debug|Any CPU.Build.0 = Debug|Any CPU
		{126BCB39-79FF-4BDC-8508-8A54D3C2B55D}.Release|Any CPU.ActiveCfg = Release|Any CPU
		{126BCB39-79FF-4BDC-8508-8A54D3C2B55D}.Release|Any CPU.Build.0 = Release|Any CPU
		{3727FD8C-C03B-423E-ACE8-2F266BCAD5F0}.Debug|Any CPU.ActiveCfg = Debug|Any CPU
		{3727FD8C-C03B-423E-ACE8-2F266BCAD5F0}.Debug|Any CPU.Build.0 = Debug|Any CPU
		{3727FD8C-C03B-423E-ACE8-2F266BCAD5F0}.Release|Any CPU.ActiveCfg = Release|Any CPU
		{3727FD8C-C03B-423E-ACE8-2F266BCAD5F0}.Release|Any CPU.Build.0 = Release|Any CPU
		{27EDD5FD-CF83-4BF0-8624-7408D0EA89F4}.Debug|Any CPU.ActiveCfg = Debug|Any CPU
		{27EDD5FD-CF83-4BF0-8624-7408D0EA89F4}.Debug|Any CPU.Build.0 = Debug|Any CPU
		{27EDD5FD-CF83-4BF0-8624-7408D0EA89F4}.Release|Any CPU.ActiveCfg = Release|Any CPU
		{27EDD5FD-CF83-4BF0-8624-7408D0EA89F4}.Release|Any CPU.Build.0 = Release|Any CPU
		{0C07A0E6-9F3E-44B2-A862-74815D579FB2}.Debug|Any CPU.ActiveCfg = Debug|Any CPU
		{0C07A0E6-9F3E-44B2-A862-74815D579FB2}.Debug|Any CPU.Build.0 = Debug|Any CPU
		{0C07A0E6-9F3E-44B2-A862-74815D579FB2}.Release|Any CPU.ActiveCfg = Release|Any CPU
		{0C07A0E6-9F3E-44B2-A862-74815D579FB2}.Release|Any CPU.Build.0 = Release|Any CPU
		{7691ED57-C2E0-4A4C-8154-951BEDA7A8C4}.Debug|Any CPU.ActiveCfg = Debug|Any CPU
		{7691ED57-C2E0-4A4C-8154-951BEDA7A8C4}.Debug|Any CPU.Build.0 = Debug|Any CPU
		{7691ED57-C2E0-4A4C-8154-951BEDA7A8C4}.Release|Any CPU.ActiveCfg = Release|Any CPU
		{7691ED57-C2E0-4A4C-8154-951BEDA7A8C4}.Release|Any CPU.Build.0 = Release|Any CPU
		{D3E5AA91-A92D-4519-A2A3-46DFEC3747C2}.Debug|Any CPU.ActiveCfg = Debug|Any CPU
		{D3E5AA91-A92D-4519-A2A3-46DFEC3747C2}.Debug|Any CPU.Build.0 = Debug|Any CPU
		{D3E5AA91-A92D-4519-A2A3-46DFEC3747C2}.Release|Any CPU.ActiveCfg = Release|Any CPU
		{D3E5AA91-A92D-4519-A2A3-46DFEC3747C2}.Release|Any CPU.Build.0 = Release|Any CPU
		{659C5F8E-8CA3-46F7-948C-11ED3189E40E}.Debug|Any CPU.ActiveCfg = Debug|Any CPU
		{659C5F8E-8CA3-46F7-948C-11ED3189E40E}.Debug|Any CPU.Build.0 = Debug|Any CPU
		{659C5F8E-8CA3-46F7-948C-11ED3189E40E}.Release|Any CPU.ActiveCfg = Release|Any CPU
		{659C5F8E-8CA3-46F7-948C-11ED3189E40E}.Release|Any CPU.Build.0 = Release|Any CPU
		{2F9A6886-8867-490C-B618-E99AEE0B54AA}.Debug|Any CPU.ActiveCfg = Debug|Any CPU
		{2F9A6886-8867-490C-B618-E99AEE0B54AA}.Debug|Any CPU.Build.0 = Debug|Any CPU
		{2F9A6886-8867-490C-B618-E99AEE0B54AA}.Release|Any CPU.ActiveCfg = Release|Any CPU
		{2F9A6886-8867-490C-B618-E99AEE0B54AA}.Release|Any CPU.Build.0 = Release|Any CPU
		{01A9CA17-A541-4373-9F6A-471C9919A0E0}.Debug|Any CPU.ActiveCfg = Debug|Any CPU
		{01A9CA17-A541-4373-9F6A-471C9919A0E0}.Debug|Any CPU.Build.0 = Debug|Any CPU
		{01A9CA17-A541-4373-9F6A-471C9919A0E0}.Release|Any CPU.ActiveCfg = Release|Any CPU
		{01A9CA17-A541-4373-9F6A-471C9919A0E0}.Release|Any CPU.Build.0 = Release|Any CPU
		{DFFC3730-321C-4473-984C-9C5E3881A2E1}.Debug|Any CPU.ActiveCfg = Debug|Any CPU
		{DFFC3730-321C-4473-984C-9C5E3881A2E1}.Debug|Any CPU.Build.0 = Debug|Any CPU
		{DFFC3730-321C-4473-984C-9C5E3881A2E1}.Release|Any CPU.ActiveCfg = Release|Any CPU
		{DFFC3730-321C-4473-984C-9C5E3881A2E1}.Release|Any CPU.Build.0 = Release|Any CPU
		{37A66285-D122-44C4-9BC6-9565CD909A1D}.Debug|Any CPU.ActiveCfg = Debug|Any CPU
		{37A66285-D122-44C4-9BC6-9565CD909A1D}.Debug|Any CPU.Build.0 = Debug|Any CPU
		{37A66285-D122-44C4-9BC6-9565CD909A1D}.Release|Any CPU.ActiveCfg = Release|Any CPU
		{37A66285-D122-44C4-9BC6-9565CD909A1D}.Release|Any CPU.Build.0 = Release|Any CPU
		{BA9CA214-CB15-48DE-A52C-F66C1A5B0974}.Debug|Any CPU.ActiveCfg = Debug|Any CPU
		{BA9CA214-CB15-48DE-A52C-F66C1A5B0974}.Debug|Any CPU.Build.0 = Debug|Any CPU
		{BA9CA214-CB15-48DE-A52C-F66C1A5B0974}.Release|Any CPU.ActiveCfg = Release|Any CPU
		{BA9CA214-CB15-48DE-A52C-F66C1A5B0974}.Release|Any CPU.Build.0 = Release|Any CPU
		{2BA5114E-26E3-4FEF-94F3-4E78E13C9202}.Debug|Any CPU.ActiveCfg = Debug|Any CPU
		{2BA5114E-26E3-4FEF-94F3-4E78E13C9202}.Debug|Any CPU.Build.0 = Debug|Any CPU
		{2BA5114E-26E3-4FEF-94F3-4E78E13C9202}.Release|Any CPU.ActiveCfg = Release|Any CPU
		{2BA5114E-26E3-4FEF-94F3-4E78E13C9202}.Release|Any CPU.Build.0 = Release|Any CPU
		{A4C57224-6F86-4932-9441-DE410A1D465C}.Debug|Any CPU.ActiveCfg = Debug|Any CPU
		{A4C57224-6F86-4932-9441-DE410A1D465C}.Debug|Any CPU.Build.0 = Debug|Any CPU
		{A4C57224-6F86-4932-9441-DE410A1D465C}.Release|Any CPU.ActiveCfg = Release|Any CPU
		{A4C57224-6F86-4932-9441-DE410A1D465C}.Release|Any CPU.Build.0 = Release|Any CPU
	EndGlobalSection
	GlobalSection(SolutionProperties) = preSolution
		HideSolutionNode = FALSE
	EndGlobalSection
	GlobalSection(ExtensibilityGlobals) = postSolution
		SolutionGuid = {07559D60-A660-417B-9E22-679AF3F1D426}
	EndGlobalSection
EndGlobal
