
Microsoft Visual Studio Solution File, Format Version 12.00
# Visual Studio Version 16
VisualStudioVersion = 16.0.30611.23
MinimumVisualStudioVersion = 10.0.40219.1
Project("{9A19103F-16F7-4668-BE54-9A1E7A4F7556}") = "01_1", "01_1\01_1.csproj", "{126BCB39-79FF-4BDC-8508-8A54D3C2B55D}"
EndProject
Project("{9A19103F-16F7-4668-BE54-9A1E7A4F7556}") = "01_2", "01_2\01_2.csproj", "{3727FD8C-C03B-423E-ACE8-2F266BCAD5F0}"
EndProject
Project("{9A19103F-16F7-4668-BE54-9A1E7A4F7556}") = "02_1", "02_1\02_1.csproj", "{27EDD5FD-CF83-4BF0-8624-7408D0EA89F4}"
EndProject
Project("{9A19103F-16F7-4668-BE54-9A1E7A4F7556}") = "02_2", "02_2\02_2.csproj", "{0C07A0E6-9F3E-44B2-A862-74815D579FB2}"
EndProject
Project("{9A19103F-16F7-4668-BE54-9A1E7A4F7556}") = "03_1", "03_1\03_1.csproj", "{7691ED57-C2E0-4A4C-8154-951BEDA7A8C4}"
EndProject
Project("{9A19103F-16F7-4668-BE54-9A1E7A4F7556}") = "03_2", "03_2\03_2.csproj", "{D3E5AA91-A92D-4519-A2A3-46DFEC3747C2}"
EndProject
Project("{9A19103F-16F7-4668-BE54-9A1E7A4F7556}") = "04_1", "04_1\04_1.csproj", "{659C5F8E-8CA3-46F7-948C-11ED3189E40E}"
EndProject
Project("{9A19103F-16F7-4668-BE54-9A1E7A4F7556}") = "04_2", "04_2\04_2.csproj", "{2F9A6886-8867-490C-B618-E99AEE0B54AA}"
EndProject
Project("{9A19103F-16F7-4668-BE54-9A1E7A4F7556}") = "05_1", "05_1\05_1.csproj", "{01A9CA17-A541-4373-9F6A-471C9919A0E0}"
EndProject
Project("{9A19103F-16F7-4668-BE54-9A1E7A4F7556}") = "05_2", "05_2\05_2.csproj", "{DFFC3730-321C-4473-984C-9C5E3881A2E1}"
EndProject
Project("{9A19103F-16F7-4668-BE54-9A1E7A4F7556}") = "06_1", "06_1\06_1.csproj", "{37A66285-D122-44C4-9BC6-9565CD909A1D}"
EndProject
Project("{9A19103F-16F7-4668-BE54-9A1E7A4F7556}") = "06_2", "06_2\06_2.csproj", "{BA9CA214-CB15-48DE-A52C-F66C1A5B0974}"
EndProject
Project("{9A19103F-16F7-4668-BE54-9A1E7A4F7556}") = "07_1", "07_1\07_1.csproj", "{2BA5114E-26E3-4FEF-94F3-4E78E13C9202}"
EndProject
Project("{9A19103F-16F7-4668-BE54-9A1E7A4F7556}") = "07_2", "07_2\07_2.csproj", "{A4C57224-6F86-4932-9441-DE410A1D465C}"
EndProject
Project("{9A19103F-16F7-4668-BE54-9A1E7A4F7556}") = "08_1", "08_1\08_1.csproj", "{6E809636-4363-4357-A19E-2D83C37778B5}"
EndProject
Project("{9A19103F-16F7-4668-BE54-9A1E7A4F7556}") = "08_2", "08_2\08_2.csproj", "{E6C92710-8560-4529-86EA-50F8DC0835FB}"
EndProject
Project("{9A19103F-16F7-4668-BE54-9A1E7A4F7556}") = "09_1", "09_1\09_1.csproj", "{FE85C70F-A802-4D17-B44A-B5637163F290}"
EndProject
Project("{9A19103F-16F7-4668-BE54-9A1E7A4F7556}") = "09_2", "09_2\09_2.csproj", "{801E526C-0C89-482E-B13C-DC02E5CA54BC}"
EndProject
Project("{9A19103F-16F7-4668-BE54-9A1E7A4F7556}") = "10_1", "10_1\10_1.csproj", "{E28E0637-489B-426F-9B49-6441946F376B}"
EndProject
Project("{9A19103F-16F7-4668-BE54-9A1E7A4F7556}") = "10_2", "10_2\10_2.csproj", "{0B656B54-4B1F-44F5-BB51-BBF54E6470D9}"
EndProject
Project("{9A19103F-16F7-4668-BE54-9A1E7A4F7556}") = "11_1", "11_1\11_1.csproj", "{27473A1E-C933-4EE1-B3D0-A40017B5D8FB}"
EndProject
Project("{9A19103F-16F7-4668-BE54-9A1E7A4F7556}") = "11_2", "11_2\11_2.csproj", "{6F8C7A78-0614-43C7-860E-64531BF64ABC}"
EndProject
Project("{9A19103F-16F7-4668-BE54-9A1E7A4F7556}") = "12_1", "12_1\12_1.csproj", "{ED9DEDAF-D2DF-4370-A4D9-F80DF308E80E}"
EndProject
Project("{9A19103F-16F7-4668-BE54-9A1E7A4F7556}") = "12_2", "12_2\12_2.csproj", "{AACD2124-EE43-45D2-BDCF-014E8C5D4654}"
EndProject
Project("{9A19103F-16F7-4668-BE54-9A1E7A4F7556}") = "13_1", "13_1\13_1.csproj", "{99E512CB-BFD0-43A9-A803-1546F58FA470}"
EndProject
Project("{9A19103F-16F7-4668-BE54-9A1E7A4F7556}") = "13_2", "13_2\13_2.csproj", "{1D2ABC88-ADE4-4E79-9852-07E65F7B6596}"
EndProject
Project("{9A19103F-16F7-4668-BE54-9A1E7A4F7556}") = "14_1", "14_1\14_1.csproj", "{A2142F57-C7CD-4887-AD65-06306E43A0B6}"
EndProject
Project("{9A19103F-16F7-4668-BE54-9A1E7A4F7556}") = "14_2", "14_2\14_2.csproj", "{8CC627D4-32E3-4A05-A2DF-E2D23AAEF128}"
EndProject
Project("{9A19103F-16F7-4668-BE54-9A1E7A4F7556}") = "15_1", "15_1\15_1.csproj", "{2F09A76B-CF43-4613-865B-5DE1883BE47F}"
EndProject
Project("{9A19103F-16F7-4668-BE54-9A1E7A4F7556}") = "15_2", "15_2\15_2.csproj", "{58086C52-70E8-4FF9-BAC6-946B70868D07}"
EndProject
Project("{9A19103F-16F7-4668-BE54-9A1E7A4F7556}") = "16_1", "16_1\16_1.csproj", "{CD5F6784-2432-49C2-ABE1-735B3FB48DCC}"
EndProject
Project("{9A19103F-16F7-4668-BE54-9A1E7A4F7556}") = "16_2", "16_2\16_2.csproj", "{0C7A9A1F-0694-4E59-BCDC-D273AFEA1EA2}"
EndProject
Project("{9A19103F-16F7-4668-BE54-9A1E7A4F7556}") = "17_1", "17_1\17_1.csproj", "{D67AECC8-A83E-4C5F-8978-0E1A43423F94}"
EndProject
Project("{9A19103F-16F7-4668-BE54-9A1E7A4F7556}") = "17_2", "17_2\17_2.csproj", "{3A139066-75A3-4962-89D1-DD4755A5E949}"
EndProject
Project("{9A19103F-16F7-4668-BE54-9A1E7A4F7556}") = "18_1", "18_1\18_1.csproj", "{DCF6DF00-8954-4089-8280-358F644C46BD}"
EndProject
Project("{9A19103F-16F7-4668-BE54-9A1E7A4F7556}") = "18_2", "18_2\18_2.csproj", "{D5ED503C-2DB9-4A1A-92C1-58774BA2EA57}"
EndProject
Project("{9A19103F-16F7-4668-BE54-9A1E7A4F7556}") = "19_1", "19_1\19_1.csproj", "{AC69BB92-914C-4F0A-BE0F-611971F89DBC}"
EndProject
Project("{9A19103F-16F7-4668-BE54-9A1E7A4F7556}") = "19_2", "19_2\19_2.csproj", "{4BD246AB-05C7-4AAD-A594-DB36BDAD7EFC}"
EndProject
Project("{9A19103F-16F7-4668-BE54-9A1E7A4F7556}") = "20_1", "20_1\20_1.csproj", "{243A7D16-79F0-4237-B213-BA54B70415AA}"
EndProject
Project("{9A19103F-16F7-4668-BE54-9A1E7A4F7556}") = "20_2", "20_2\20_2.csproj", "{49E1B62F-8226-4CB6-A47B-F0BB2CAE419B}"
EndProject
Project("{FAE04EC0-301F-11D3-BF4B-00C04F79EFBC}") = "21_1", "21_1\21_1.csproj", "{FC7015BE-908A-43F0-AA46-DB0F61EC7CF7}"
EndProject
Project("{FAE04EC0-301F-11D3-BF4B-00C04F79EFBC}") = "21_2", "21_2\21_2.csproj", "{9B9FD3DD-0EAF-4BCF-BB85-64184A4AF617}"
EndProject
Project("{FAE04EC0-301F-11D3-BF4B-00C04F79EFBC}") = "22_1", "22_1\22_1.csproj", "{836B4E66-68AA-4867-BD86-447953B4C60D}"
EndProject
Project("{FAE04EC0-301F-11D3-BF4B-00C04F79EFBC}") = "22_2", "22_2\22_2.csproj", "{9D40CD9E-1C3D-422F-A39D-294169716D51}"
EndProject
Project("{FAE04EC0-301F-11D3-BF4B-00C04F79EFBC}") = "23_1", "23_1\23_1.csproj", "{17F8B201-0CA2-4DD1-9C2E-00E6E8558B98}"
EndProject
Project("{FAE04EC0-301F-11D3-BF4B-00C04F79EFBC}") = "23_2", "23_2\23_2.csproj", "{8358D4AF-EFF9-4D39-8E0C-3523223E28A8}"
EndProject
Project("{FAE04EC0-301F-11D3-BF4B-00C04F79EFBC}") = "24_1", "24_1\24_1.csproj", "{1B92F247-B40C-4CF2-8DC8-DDABBAA89A89}"
EndProject
Project("{FAE04EC0-301F-11D3-BF4B-00C04F79EFBC}") = "24_2", "24_2\24_2.csproj", "{7DDF881C-0E65-4D24-A162-187E51290DEB}"
EndProject
Project("{FAE04EC0-301F-11D3-BF4B-00C04F79EFBC}") = "25_1", "25_1\25_1.csproj", "{59C0EB68-D8B7-44D6-8FCF-AF82543108AF}"
EndProject
Project("{FAE04EC0-301F-11D3-BF4B-00C04F79EFBC}") = "25_2", "25_2\25_2.csproj", "{1511528E-7AE7-444A-8456-E15513525C58}"
EndProject
Global
	GlobalSection(SolutionConfigurationPlatforms) = preSolution
		Debug|Any CPU = Debug|Any CPU
		Release|Any CPU = Release|Any CPU
	EndGlobalSection
	GlobalSection(ProjectConfigurationPlatforms) = postSolution
		{126BCB39-79FF-4BDC-8508-8A54D3C2B55D}.Debug|Any CPU.ActiveCfg = Debug|Any CPU
		{126BCB39-79FF-4BDC-8508-8A54D3C2B55D}.Debug|Any CPU.Build.0 = Debug|Any CPU
		{126BCB39-79FF-4BDC-8508-8A54D3C2B55D}.Release|Any CPU.ActiveCfg = Release|Any CPU
		{126BCB39-79FF-4BDC-8508-8A54D3C2B55D}.Release|Any CPU.Build.0 = Release|Any CPU
		{3727FD8C-C03B-423E-ACE8-2F266BCAD5F0}.Debug|Any CPU.ActiveCfg = Debug|Any CPU
		{3727FD8C-C03B-423E-ACE8-2F266BCAD5F0}.Debug|Any CPU.Build.0 = Debug|Any CPU
		{3727FD8C-C03B-423E-ACE8-2F266BCAD5F0}.Release|Any CPU.ActiveCfg = Release|Any CPU
		{3727FD8C-C03B-423E-ACE8-2F266BCAD5F0}.Release|Any CPU.Build.0 = Release|Any CPU
		{27EDD5FD-CF83-4BF0-8624-7408D0EA89F4}.Debug|Any CPU.ActiveCfg = Debug|Any CPU
		{27EDD5FD-CF83-4BF0-8624-7408D0EA89F4}.Debug|Any CPU.Build.0 = Debug|Any CPU
		{27EDD5FD-CF83-4BF0-8624-7408D0EA89F4}.Release|Any CPU.ActiveCfg = Release|Any CPU
		{27EDD5FD-CF83-4BF0-8624-7408D0EA89F4}.Release|Any CPU.Build.0 = Release|Any CPU
		{0C07A0E6-9F3E-44B2-A862-74815D579FB2}.Debug|Any CPU.ActiveCfg = Debug|Any CPU
		{0C07A0E6-9F3E-44B2-A862-74815D579FB2}.Debug|Any CPU.Build.0 = Debug|Any CPU
		{0C07A0E6-9F3E-44B2-A862-74815D579FB2}.Release|Any CPU.ActiveCfg = Release|Any CPU
		{0C07A0E6-9F3E-44B2-A862-74815D579FB2}.Release|Any CPU.Build.0 = Release|Any CPU
		{7691ED57-C2E0-4A4C-8154-951BEDA7A8C4}.Debug|Any CPU.ActiveCfg = Debug|Any CPU
		{7691ED57-C2E0-4A4C-8154-951BEDA7A8C4}.Debug|Any CPU.Build.0 = Debug|Any CPU
		{7691ED57-C2E0-4A4C-8154-951BEDA7A8C4}.Release|Any CPU.ActiveCfg = Release|Any CPU
		{7691ED57-C2E0-4A4C-8154-951BEDA7A8C4}.Release|Any CPU.Build.0 = Release|Any CPU
		{D3E5AA91-A92D-4519-A2A3-46DFEC3747C2}.Debug|Any CPU.ActiveCfg = Debug|Any CPU
		{D3E5AA91-A92D-4519-A2A3-46DFEC3747C2}.Debug|Any CPU.Build.0 = Debug|Any CPU
		{D3E5AA91-A92D-4519-A2A3-46DFEC3747C2}.Release|Any CPU.ActiveCfg = Release|Any CPU
		{D3E5AA91-A92D-4519-A2A3-46DFEC3747C2}.Release|Any CPU.Build.0 = Release|Any CPU
		{659C5F8E-8CA3-46F7-948C-11ED3189E40E}.Debug|Any CPU.ActiveCfg = Debug|Any CPU
		{659C5F8E-8CA3-46F7-948C-11ED3189E40E}.Debug|Any CPU.Build.0 = Debug|Any CPU
		{659C5F8E-8CA3-46F7-948C-11ED3189E40E}.Release|Any CPU.ActiveCfg = Release|Any CPU
		{659C5F8E-8CA3-46F7-948C-11ED3189E40E}.Release|Any CPU.Build.0 = Release|Any CPU
		{2F9A6886-8867-490C-B618-E99AEE0B54AA}.Debug|Any CPU.ActiveCfg = Debug|Any CPU
		{2F9A6886-8867-490C-B618-E99AEE0B54AA}.Debug|Any CPU.Build.0 = Debug|Any CPU
		{2F9A6886-8867-490C-B618-E99AEE0B54AA}.Release|Any CPU.ActiveCfg = Release|Any CPU
		{2F9A6886-8867-490C-B618-E99AEE0B54AA}.Release|Any CPU.Build.0 = Release|Any CPU
		{01A9CA17-A541-4373-9F6A-471C9919A0E0}.Debug|Any CPU.ActiveCfg = Debug|Any CPU
		{01A9CA17-A541-4373-9F6A-471C9919A0E0}.Debug|Any CPU.Build.0 = Debug|Any CPU
		{01A9CA17-A541-4373-9F6A-471C9919A0E0}.Release|Any CPU.ActiveCfg = Release|Any CPU
		{01A9CA17-A541-4373-9F6A-471C9919A0E0}.Release|Any CPU.Build.0 = Release|Any CPU
		{DFFC3730-321C-4473-984C-9C5E3881A2E1}.Debug|Any CPU.ActiveCfg = Debug|Any CPU
		{DFFC3730-321C-4473-984C-9C5E3881A2E1}.Debug|Any CPU.Build.0 = Debug|Any CPU
		{DFFC3730-321C-4473-984C-9C5E3881A2E1}.Release|Any CPU.ActiveCfg = Release|Any CPU
		{DFFC3730-321C-4473-984C-9C5E3881A2E1}.Release|Any CPU.Build.0 = Release|Any CPU
		{37A66285-D122-44C4-9BC6-9565CD909A1D}.Debug|Any CPU.ActiveCfg = Debug|Any CPU
		{37A66285-D122-44C4-9BC6-9565CD909A1D}.Debug|Any CPU.Build.0 = Debug|Any CPU
		{37A66285-D122-44C4-9BC6-9565CD909A1D}.Release|Any CPU.ActiveCfg = Release|Any CPU
		{37A66285-D122-44C4-9BC6-9565CD909A1D}.Release|Any CPU.Build.0 = Release|Any CPU
		{BA9CA214-CB15-48DE-A52C-F66C1A5B0974}.Debug|Any CPU.ActiveCfg = Debug|Any CPU
		{BA9CA214-CB15-48DE-A52C-F66C1A5B0974}.Debug|Any CPU.Build.0 = Debug|Any CPU
		{BA9CA214-CB15-48DE-A52C-F66C1A5B0974}.Release|Any CPU.ActiveCfg = Release|Any CPU
		{BA9CA214-CB15-48DE-A52C-F66C1A5B0974}.Release|Any CPU.Build.0 = Release|Any CPU
		{2BA5114E-26E3-4FEF-94F3-4E78E13C9202}.Debug|Any CPU.ActiveCfg = Debug|Any CPU
		{2BA5114E-26E3-4FEF-94F3-4E78E13C9202}.Debug|Any CPU.Build.0 = Debug|Any CPU
		{2BA5114E-26E3-4FEF-94F3-4E78E13C9202}.Release|Any CPU.ActiveCfg = Release|Any CPU
		{2BA5114E-26E3-4FEF-94F3-4E78E13C9202}.Release|Any CPU.Build.0 = Release|Any CPU
		{A4C57224-6F86-4932-9441-DE410A1D465C}.Debug|Any CPU.ActiveCfg = Debug|Any CPU
		{A4C57224-6F86-4932-9441-DE410A1D465C}.Debug|Any CPU.Build.0 = Debug|Any CPU
		{A4C57224-6F86-4932-9441-DE410A1D465C}.Release|Any CPU.ActiveCfg = Release|Any CPU
		{A4C57224-6F86-4932-9441-DE410A1D465C}.Release|Any CPU.Build.0 = Release|Any CPU
		{6E809636-4363-4357-A19E-2D83C37778B5}.Debug|Any CPU.ActiveCfg = Debug|Any CPU
		{6E809636-4363-4357-A19E-2D83C37778B5}.Debug|Any CPU.Build.0 = Debug|Any CPU
		{6E809636-4363-4357-A19E-2D83C37778B5}.Release|Any CPU.ActiveCfg = Release|Any CPU
		{6E809636-4363-4357-A19E-2D83C37778B5}.Release|Any CPU.Build.0 = Release|Any CPU
		{E6C92710-8560-4529-86EA-50F8DC0835FB}.Debug|Any CPU.ActiveCfg = Debug|Any CPU
		{E6C92710-8560-4529-86EA-50F8DC0835FB}.Debug|Any CPU.Build.0 = Debug|Any CPU
		{E6C92710-8560-4529-86EA-50F8DC0835FB}.Release|Any CPU.ActiveCfg = Release|Any CPU
		{E6C92710-8560-4529-86EA-50F8DC0835FB}.Release|Any CPU.Build.0 = Release|Any CPU
		{FE85C70F-A802-4D17-B44A-B5637163F290}.Debug|Any CPU.ActiveCfg = Debug|Any CPU
		{FE85C70F-A802-4D17-B44A-B5637163F290}.Debug|Any CPU.Build.0 = Debug|Any CPU
		{FE85C70F-A802-4D17-B44A-B5637163F290}.Release|Any CPU.ActiveCfg = Release|Any CPU
		{FE85C70F-A802-4D17-B44A-B5637163F290}.Release|Any CPU.Build.0 = Release|Any CPU
		{801E526C-0C89-482E-B13C-DC02E5CA54BC}.Debug|Any CPU.ActiveCfg = Debug|Any CPU
		{801E526C-0C89-482E-B13C-DC02E5CA54BC}.Debug|Any CPU.Build.0 = Debug|Any CPU
		{801E526C-0C89-482E-B13C-DC02E5CA54BC}.Release|Any CPU.ActiveCfg = Release|Any CPU
		{801E526C-0C89-482E-B13C-DC02E5CA54BC}.Release|Any CPU.Build.0 = Release|Any CPU
		{E28E0637-489B-426F-9B49-6441946F376B}.Debug|Any CPU.ActiveCfg = Debug|Any CPU
		{E28E0637-489B-426F-9B49-6441946F376B}.Debug|Any CPU.Build.0 = Debug|Any CPU
		{E28E0637-489B-426F-9B49-6441946F376B}.Release|Any CPU.ActiveCfg = Release|Any CPU
		{E28E0637-489B-426F-9B49-6441946F376B}.Release|Any CPU.Build.0 = Release|Any CPU
		{0B656B54-4B1F-44F5-BB51-BBF54E6470D9}.Debug|Any CPU.ActiveCfg = Debug|Any CPU
		{0B656B54-4B1F-44F5-BB51-BBF54E6470D9}.Debug|Any CPU.Build.0 = Debug|Any CPU
		{0B656B54-4B1F-44F5-BB51-BBF54E6470D9}.Release|Any CPU.ActiveCfg = Release|Any CPU
		{0B656B54-4B1F-44F5-BB51-BBF54E6470D9}.Release|Any CPU.Build.0 = Release|Any CPU
		{27473A1E-C933-4EE1-B3D0-A40017B5D8FB}.Debug|Any CPU.ActiveCfg = Debug|Any CPU
		{27473A1E-C933-4EE1-B3D0-A40017B5D8FB}.Debug|Any CPU.Build.0 = Debug|Any CPU
		{27473A1E-C933-4EE1-B3D0-A40017B5D8FB}.Release|Any CPU.ActiveCfg = Release|Any CPU
		{27473A1E-C933-4EE1-B3D0-A40017B5D8FB}.Release|Any CPU.Build.0 = Release|Any CPU
		{6F8C7A78-0614-43C7-860E-64531BF64ABC}.Debug|Any CPU.ActiveCfg = Debug|Any CPU
		{6F8C7A78-0614-43C7-860E-64531BF64ABC}.Debug|Any CPU.Build.0 = Debug|Any CPU
		{6F8C7A78-0614-43C7-860E-64531BF64ABC}.Release|Any CPU.ActiveCfg = Release|Any CPU
		{6F8C7A78-0614-43C7-860E-64531BF64ABC}.Release|Any CPU.Build.0 = Release|Any CPU
		{ED9DEDAF-D2DF-4370-A4D9-F80DF308E80E}.Debug|Any CPU.ActiveCfg = Debug|Any CPU
		{ED9DEDAF-D2DF-4370-A4D9-F80DF308E80E}.Debug|Any CPU.Build.0 = Debug|Any CPU
		{ED9DEDAF-D2DF-4370-A4D9-F80DF308E80E}.Release|Any CPU.ActiveCfg = Release|Any CPU
		{ED9DEDAF-D2DF-4370-A4D9-F80DF308E80E}.Release|Any CPU.Build.0 = Release|Any CPU
		{AACD2124-EE43-45D2-BDCF-014E8C5D4654}.Debug|Any CPU.ActiveCfg = Debug|Any CPU
		{AACD2124-EE43-45D2-BDCF-014E8C5D4654}.Debug|Any CPU.Build.0 = Debug|Any CPU
		{AACD2124-EE43-45D2-BDCF-014E8C5D4654}.Release|Any CPU.ActiveCfg = Release|Any CPU
		{AACD2124-EE43-45D2-BDCF-014E8C5D4654}.Release|Any CPU.Build.0 = Release|Any CPU
		{99E512CB-BFD0-43A9-A803-1546F58FA470}.Debug|Any CPU.ActiveCfg = Debug|Any CPU
		{99E512CB-BFD0-43A9-A803-1546F58FA470}.Debug|Any CPU.Build.0 = Debug|Any CPU
		{99E512CB-BFD0-43A9-A803-1546F58FA470}.Release|Any CPU.ActiveCfg = Release|Any CPU
		{99E512CB-BFD0-43A9-A803-1546F58FA470}.Release|Any CPU.Build.0 = Release|Any CPU
		{1D2ABC88-ADE4-4E79-9852-07E65F7B6596}.Debug|Any CPU.ActiveCfg = Debug|Any CPU
		{1D2ABC88-ADE4-4E79-9852-07E65F7B6596}.Debug|Any CPU.Build.0 = Debug|Any CPU
		{1D2ABC88-ADE4-4E79-9852-07E65F7B6596}.Release|Any CPU.ActiveCfg = Release|Any CPU
		{1D2ABC88-ADE4-4E79-9852-07E65F7B6596}.Release|Any CPU.Build.0 = Release|Any CPU
		{A2142F57-C7CD-4887-AD65-06306E43A0B6}.Debug|Any CPU.ActiveCfg = Debug|Any CPU
		{A2142F57-C7CD-4887-AD65-06306E43A0B6}.Debug|Any CPU.Build.0 = Debug|Any CPU
		{A2142F57-C7CD-4887-AD65-06306E43A0B6}.Release|Any CPU.ActiveCfg = Release|Any CPU
		{A2142F57-C7CD-4887-AD65-06306E43A0B6}.Release|Any CPU.Build.0 = Release|Any CPU
		{8CC627D4-32E3-4A05-A2DF-E2D23AAEF128}.Debug|Any CPU.ActiveCfg = Debug|Any CPU
		{8CC627D4-32E3-4A05-A2DF-E2D23AAEF128}.Debug|Any CPU.Build.0 = Debug|Any CPU
		{8CC627D4-32E3-4A05-A2DF-E2D23AAEF128}.Release|Any CPU.ActiveCfg = Release|Any CPU
		{8CC627D4-32E3-4A05-A2DF-E2D23AAEF128}.Release|Any CPU.Build.0 = Release|Any CPU
		{2F09A76B-CF43-4613-865B-5DE1883BE47F}.Debug|Any CPU.ActiveCfg = Debug|Any CPU
		{2F09A76B-CF43-4613-865B-5DE1883BE47F}.Debug|Any CPU.Build.0 = Debug|Any CPU
		{2F09A76B-CF43-4613-865B-5DE1883BE47F}.Release|Any CPU.ActiveCfg = Release|Any CPU
		{2F09A76B-CF43-4613-865B-5DE1883BE47F}.Release|Any CPU.Build.0 = Release|Any CPU
		{58086C52-70E8-4FF9-BAC6-946B70868D07}.Debug|Any CPU.ActiveCfg = Debug|Any CPU
		{58086C52-70E8-4FF9-BAC6-946B70868D07}.Debug|Any CPU.Build.0 = Debug|Any CPU
		{58086C52-70E8-4FF9-BAC6-946B70868D07}.Release|Any CPU.ActiveCfg = Release|Any CPU
		{58086C52-70E8-4FF9-BAC6-946B70868D07}.Release|Any CPU.Build.0 = Release|Any CPU
		{CD5F6784-2432-49C2-ABE1-735B3FB48DCC}.Debug|Any CPU.ActiveCfg = Debug|Any CPU
		{CD5F6784-2432-49C2-ABE1-735B3FB48DCC}.Debug|Any CPU.Build.0 = Debug|Any CPU
		{CD5F6784-2432-49C2-ABE1-735B3FB48DCC}.Release|Any CPU.ActiveCfg = Release|Any CPU
		{CD5F6784-2432-49C2-ABE1-735B3FB48DCC}.Release|Any CPU.Build.0 = Release|Any CPU
		{0C7A9A1F-0694-4E59-BCDC-D273AFEA1EA2}.Debug|Any CPU.ActiveCfg = Debug|Any CPU
		{0C7A9A1F-0694-4E59-BCDC-D273AFEA1EA2}.Debug|Any CPU.Build.0 = Debug|Any CPU
		{0C7A9A1F-0694-4E59-BCDC-D273AFEA1EA2}.Release|Any CPU.ActiveCfg = Release|Any CPU
		{0C7A9A1F-0694-4E59-BCDC-D273AFEA1EA2}.Release|Any CPU.Build.0 = Release|Any CPU
		{D67AECC8-A83E-4C5F-8978-0E1A43423F94}.Debug|Any CPU.ActiveCfg = Debug|Any CPU
		{D67AECC8-A83E-4C5F-8978-0E1A43423F94}.Debug|Any CPU.Build.0 = Debug|Any CPU
		{D67AECC8-A83E-4C5F-8978-0E1A43423F94}.Release|Any CPU.ActiveCfg = Release|Any CPU
		{D67AECC8-A83E-4C5F-8978-0E1A43423F94}.Release|Any CPU.Build.0 = Release|Any CPU
		{3A139066-75A3-4962-89D1-DD4755A5E949}.Debug|Any CPU.ActiveCfg = Debug|Any CPU
		{3A139066-75A3-4962-89D1-DD4755A5E949}.Debug|Any CPU.Build.0 = Debug|Any CPU
		{3A139066-75A3-4962-89D1-DD4755A5E949}.Release|Any CPU.ActiveCfg = Release|Any CPU
		{3A139066-75A3-4962-89D1-DD4755A5E949}.Release|Any CPU.Build.0 = Release|Any CPU
		{DCF6DF00-8954-4089-8280-358F644C46BD}.Debug|Any CPU.ActiveCfg = Debug|Any CPU
		{DCF6DF00-8954-4089-8280-358F644C46BD}.Debug|Any CPU.Build.0 = Debug|Any CPU
		{DCF6DF00-8954-4089-8280-358F644C46BD}.Release|Any CPU.ActiveCfg = Release|Any CPU
		{DCF6DF00-8954-4089-8280-358F644C46BD}.Release|Any CPU.Build.0 = Release|Any CPU
		{D5ED503C-2DB9-4A1A-92C1-58774BA2EA57}.Debug|Any CPU.ActiveCfg = Debug|Any CPU
		{D5ED503C-2DB9-4A1A-92C1-58774BA2EA57}.Debug|Any CPU.Build.0 = Debug|Any CPU
		{D5ED503C-2DB9-4A1A-92C1-58774BA2EA57}.Release|Any CPU.ActiveCfg = Release|Any CPU
		{D5ED503C-2DB9-4A1A-92C1-58774BA2EA57}.Release|Any CPU.Build.0 = Release|Any CPU
		{AC69BB92-914C-4F0A-BE0F-611971F89DBC}.Debug|Any CPU.ActiveCfg = Debug|Any CPU
		{AC69BB92-914C-4F0A-BE0F-611971F89DBC}.Debug|Any CPU.Build.0 = Debug|Any CPU
		{AC69BB92-914C-4F0A-BE0F-611971F89DBC}.Release|Any CPU.ActiveCfg = Release|Any CPU
		{AC69BB92-914C-4F0A-BE0F-611971F89DBC}.Release|Any CPU.Build.0 = Release|Any CPU
		{4BD246AB-05C7-4AAD-A594-DB36BDAD7EFC}.Debug|Any CPU.ActiveCfg = Debug|Any CPU
		{4BD246AB-05C7-4AAD-A594-DB36BDAD7EFC}.Debug|Any CPU.Build.0 = Debug|Any CPU
		{4BD246AB-05C7-4AAD-A594-DB36BDAD7EFC}.Release|Any CPU.ActiveCfg = Release|Any CPU
		{4BD246AB-05C7-4AAD-A594-DB36BDAD7EFC}.Release|Any CPU.Build.0 = Release|Any CPU
		{243A7D16-79F0-4237-B213-BA54B70415AA}.Debug|Any CPU.ActiveCfg = Debug|Any CPU
		{243A7D16-79F0-4237-B213-BA54B70415AA}.Debug|Any CPU.Build.0 = Debug|Any CPU
		{243A7D16-79F0-4237-B213-BA54B70415AA}.Release|Any CPU.ActiveCfg = Release|Any CPU
		{243A7D16-79F0-4237-B213-BA54B70415AA}.Release|Any CPU.Build.0 = Release|Any CPU
		{49E1B62F-8226-4CB6-A47B-F0BB2CAE419B}.Debug|Any CPU.ActiveCfg = Debug|Any CPU
		{49E1B62F-8226-4CB6-A47B-F0BB2CAE419B}.Debug|Any CPU.Build.0 = Debug|Any CPU
		{49E1B62F-8226-4CB6-A47B-F0BB2CAE419B}.Release|Any CPU.ActiveCfg = Release|Any CPU
		{49E1B62F-8226-4CB6-A47B-F0BB2CAE419B}.Release|Any CPU.Build.0 = Release|Any CPU
		{FC7015BE-908A-43F0-AA46-DB0F61EC7CF7}.Debug|Any CPU.ActiveCfg = Debug|Any CPU
		{FC7015BE-908A-43F0-AA46-DB0F61EC7CF7}.Debug|Any CPU.Build.0 = Debug|Any CPU
		{FC7015BE-908A-43F0-AA46-DB0F61EC7CF7}.Release|Any CPU.ActiveCfg = Release|Any CPU
		{FC7015BE-908A-43F0-AA46-DB0F61EC7CF7}.Release|Any CPU.Build.0 = Release|Any CPU
		{9B9FD3DD-0EAF-4BCF-BB85-64184A4AF617}.Debug|Any CPU.ActiveCfg = Debug|Any CPU
		{9B9FD3DD-0EAF-4BCF-BB85-64184A4AF617}.Debug|Any CPU.Build.0 = Debug|Any CPU
		{9B9FD3DD-0EAF-4BCF-BB85-64184A4AF617}.Release|Any CPU.ActiveCfg = Release|Any CPU
		{9B9FD3DD-0EAF-4BCF-BB85-64184A4AF617}.Release|Any CPU.Build.0 = Release|Any CPU
		{836B4E66-68AA-4867-BD86-447953B4C60D}.Debug|Any CPU.ActiveCfg = Debug|Any CPU
		{836B4E66-68AA-4867-BD86-447953B4C60D}.Debug|Any CPU.Build.0 = Debug|Any CPU
		{836B4E66-68AA-4867-BD86-447953B4C60D}.Release|Any CPU.ActiveCfg = Release|Any CPU
		{836B4E66-68AA-4867-BD86-447953B4C60D}.Release|Any CPU.Build.0 = Release|Any CPU
		{9D40CD9E-1C3D-422F-A39D-294169716D51}.Debug|Any CPU.ActiveCfg = Debug|Any CPU
		{9D40CD9E-1C3D-422F-A39D-294169716D51}.Debug|Any CPU.Build.0 = Debug|Any CPU
		{9D40CD9E-1C3D-422F-A39D-294169716D51}.Release|Any CPU.ActiveCfg = Release|Any CPU
		{9D40CD9E-1C3D-422F-A39D-294169716D51}.Release|Any CPU.Build.0 = Release|Any CPU
		{17F8B201-0CA2-4DD1-9C2E-00E6E8558B98}.Debug|Any CPU.ActiveCfg = Debug|Any CPU
		{17F8B201-0CA2-4DD1-9C2E-00E6E8558B98}.Debug|Any CPU.Build.0 = Debug|Any CPU
		{17F8B201-0CA2-4DD1-9C2E-00E6E8558B98}.Release|Any CPU.ActiveCfg = Release|Any CPU
		{17F8B201-0CA2-4DD1-9C2E-00E6E8558B98}.Release|Any CPU.Build.0 = Release|Any CPU
		{8358D4AF-EFF9-4D39-8E0C-3523223E28A8}.Debug|Any CPU.ActiveCfg = Debug|Any CPU
		{8358D4AF-EFF9-4D39-8E0C-3523223E28A8}.Debug|Any CPU.Build.0 = Debug|Any CPU
		{8358D4AF-EFF9-4D39-8E0C-3523223E28A8}.Release|Any CPU.ActiveCfg = Release|Any CPU
		{8358D4AF-EFF9-4D39-8E0C-3523223E28A8}.Release|Any CPU.Build.0 = Release|Any CPU
		{1B92F247-B40C-4CF2-8DC8-DDABBAA89A89}.Debug|Any CPU.ActiveCfg = Debug|Any CPU
		{1B92F247-B40C-4CF2-8DC8-DDABBAA89A89}.Debug|Any CPU.Build.0 = Debug|Any CPU
		{1B92F247-B40C-4CF2-8DC8-DDABBAA89A89}.Release|Any CPU.ActiveCfg = Release|Any CPU
		{1B92F247-B40C-4CF2-8DC8-DDABBAA89A89}.Release|Any CPU.Build.0 = Release|Any CPU
		{7DDF881C-0E65-4D24-A162-187E51290DEB}.Debug|Any CPU.ActiveCfg = Debug|Any CPU
		{7DDF881C-0E65-4D24-A162-187E51290DEB}.Debug|Any CPU.Build.0 = Debug|Any CPU
		{7DDF881C-0E65-4D24-A162-187E51290DEB}.Release|Any CPU.ActiveCfg = Release|Any CPU
		{7DDF881C-0E65-4D24-A162-187E51290DEB}.Release|Any CPU.Build.0 = Release|Any CPU
		{59C0EB68-D8B7-44D6-8FCF-AF82543108AF}.Debug|Any CPU.ActiveCfg = Debug|Any CPU
		{59C0EB68-D8B7-44D6-8FCF-AF82543108AF}.Debug|Any CPU.Build.0 = Debug|Any CPU
		{59C0EB68-D8B7-44D6-8FCF-AF82543108AF}.Release|Any CPU.ActiveCfg = Release|Any CPU
		{59C0EB68-D8B7-44D6-8FCF-AF82543108AF}.Release|Any CPU.Build.0 = Release|Any CPU
		{1511528E-7AE7-444A-8456-E15513525C58}.Debug|Any CPU.ActiveCfg = Debug|Any CPU
		{1511528E-7AE7-444A-8456-E15513525C58}.Debug|Any CPU.Build.0 = Debug|Any CPU
		{1511528E-7AE7-444A-8456-E15513525C58}.Release|Any CPU.ActiveCfg = Release|Any CPU
		{1511528E-7AE7-444A-8456-E15513525C58}.Release|Any CPU.Build.0 = Release|Any CPU
	EndGlobalSection
	GlobalSection(SolutionProperties) = preSolution
		HideSolutionNode = FALSE
	EndGlobalSection
	GlobalSection(ExtensibilityGlobals) = postSolution
		SolutionGuid = {07559D60-A660-417B-9E22-679AF3F1D426}
	EndGlobalSection
EndGlobal
